
Microsoft Visual Studio Solution File, Format Version 12.00
# Visual Studio Version 16
VisualStudioVersion = 16.0.31321.278
MinimumVisualStudioVersion = 10.0.40219.1
Project("{FAE04EC0-301F-11D3-BF4B-00C04F79EFBC}") = "01.HelloSoftUni", "01.HelloSoftUni\01.HelloSoftUni.csproj", "{9EEB9264-3835-4E43-8915-3DB677EF788C}"
EndProject
Global
	GlobalSection(SolutionConfigurationPlatforms) = preSolution
		Debug|Any CPU = Debug|Any CPU
		Release|Any CPU = Release|Any CPU
	EndGlobalSection
	GlobalSection(ProjectConfigurationPlatforms) = postSolution
		{9EEB9264-3835-4E43-8915-3DB677EF788C}.Debug|Any CPU.ActiveCfg = Debug|Any CPU
		{9EEB9264-3835-4E43-8915-3DB677EF788C}.Debug|Any CPU.Build.0 = Debug|Any CPU
		{9EEB9264-3835-4E43-8915-3DB677EF788C}.Release|Any CPU.ActiveCfg = Release|Any CPU
		{9EEB9264-3835-4E43-8915-3DB677EF788C}.Release|Any CPU.Build.0 = Release|Any CPU
	EndGlobalSection
	GlobalSection(SolutionProperties) = preSolution
		HideSolutionNode = FALSE
	EndGlobalSection
	GlobalSection(ExtensibilityGlobals) = postSolution
		SolutionGuid = {7E7978E9-1564-4A0C-90A4-C4259502D37F}
	EndGlobalSection
EndGlobal
