
Microsoft Visual Studio Solution File, Format Version 12.00
# Visual Studio Version 16
VisualStudioVersion = 16.0.31321.278
MinimumVisualStudioVersion = 10.0.40219.1
Project("{FAE04EC0-301F-11D3-BF4B-00C04F79EFBC}") = "01.DayOfWeek", "01.DayOfWeek\01.DayOfWeek.csproj", "{1942C7E2-AFF1-44E1-8986-C16EC8287E54}"
EndProject
Global
	GlobalSection(SolutionConfigurationPlatforms) = preSolution
		Debug|Any CPU = Debug|Any CPU
		Release|Any CPU = Release|Any CPU
	EndGlobalSection
	GlobalSection(ProjectConfigurationPlatforms) = postSolution
		{1942C7E2-AFF1-44E1-8986-C16EC8287E54}.Debug|Any CPU.ActiveCfg = Debug|Any CPU
		{1942C7E2-AFF1-44E1-8986-C16EC8287E54}.Debug|Any CPU.Build.0 = Debug|Any CPU
		{1942C7E2-AFF1-44E1-8986-C16EC8287E54}.Release|Any CPU.ActiveCfg = Release|Any CPU
		{1942C7E2-AFF1-44E1-8986-C16EC8287E54}.Release|Any CPU.Build.0 = Release|Any CPU
	EndGlobalSection
	GlobalSection(SolutionProperties) = preSolution
		HideSolutionNode = FALSE
	EndGlobalSection
	GlobalSection(ExtensibilityGlobals) = postSolution
		SolutionGuid = {F152B944-0527-4CAA-9A69-587D3EC83AB0}
	EndGlobalSection
EndGlobal
